
Microsoft Visual Studio Solution File, Format Version 12.00
# Visual Studio Version 17
VisualStudioVersion = 17.14.36511.14
MinimumVisualStudioVersion = 10.0.40219.1
Project("{2150E333-8FDC-42A3-9474-1A3956D46DE8}") = "Core", "Core", "{02EA681E-C7D8-13C7-8484-4AC65E1B71E8}"
EndProject
Project("{2150E333-8FDC-42A3-9474-1A3956D46DE8}") = "Frontends", "Frontends", "{AF2CC00B-D7DA-400E-B08F-B4EAC7A3A3A0}"
EndProject
Project("{2150E333-8FDC-42A3-9474-1A3956D46DE8}") = "Infrastructure", "Infrastructure", "{1848CB1D-E227-4C55-BA5F-2994E4D50675}"
EndProject
Project("{2150E333-8FDC-42A3-9474-1A3956D46DE8}") = "Presentation", "Presentation", "{5650B4A1-2522-44B8-98C3-6066837DBE95}"
EndProject
Project("{2150E333-8FDC-42A3-9474-1A3956D46DE8}") = "Requirements", "Requirements", "{D71398EE-6021-4757-B6A6-10F0BBEFD571}"
EndProject
Project("{FAE04EC0-301F-11D3-BF4B-00C04F79EFBC}") = "MovieApi.Domain", "Core\MovieApi.Domain\MovieApi.Domain.csproj", "{1B662EDA-AE9B-4E08-B2CF-79BDC04EEB15}"
EndProject
Project("{FAE04EC0-301F-11D3-BF4B-00C04F79EFBC}") = "MovieApi.Persistence", "Infrastructure\MovieApi.Persistence\MovieApi.Persistence.csproj", "{7BA89227-4106-4297-8ECA-735E2D6B925E}"
EndProject
Project("{FAE04EC0-301F-11D3-BF4B-00C04F79EFBC}") = "MovieApi.WebApi", "Presentation\MovieApi.WebApi\MovieApi.WebApi.csproj", "{59AECF87-1D09-4CCA-906C-CB69EA6F93E9}"
EndProject
Global
	GlobalSection(SolutionConfigurationPlatforms) = preSolution
		Debug|Any CPU = Debug|Any CPU
		Release|Any CPU = Release|Any CPU
	EndGlobalSection
	GlobalSection(ProjectConfigurationPlatforms) = postSolution
		{1B662EDA-AE9B-4E08-B2CF-79BDC04EEB15}.Debug|Any CPU.ActiveCfg = Debug|Any CPU
		{1B662EDA-AE9B-4E08-B2CF-79BDC04EEB15}.Debug|Any CPU.Build.0 = Debug|Any CPU
		{1B662EDA-AE9B-4E08-B2CF-79BDC04EEB15}.Release|Any CPU.ActiveCfg = Release|Any CPU
		{1B662EDA-AE9B-4E08-B2CF-79BDC04EEB15}.Release|Any CPU.Build.0 = Release|Any CPU
		{7BA89227-4106-4297-8ECA-735E2D6B925E}.Debug|Any CPU.ActiveCfg = Debug|Any CPU
		{7BA89227-4106-4297-8ECA-735E2D6B925E}.Debug|Any CPU.Build.0 = Debug|Any CPU
		{7BA89227-4106-4297-8ECA-735E2D6B925E}.Release|Any CPU.ActiveCfg = Release|Any CPU
		{7BA89227-4106-4297-8ECA-735E2D6B925E}.Release|Any CPU.Build.0 = Release|Any CPU
		{59AECF87-1D09-4CCA-906C-CB69EA6F93E9}.Debug|Any CPU.ActiveCfg = Debug|Any CPU
		{59AECF87-1D09-4CCA-906C-CB69EA6F93E9}.Debug|Any CPU.Build.0 = Debug|Any CPU
		{59AECF87-1D09-4CCA-906C-CB69EA6F93E9}.Release|Any CPU.ActiveCfg = Release|Any CPU
		{59AECF87-1D09-4CCA-906C-CB69EA6F93E9}.Release|Any CPU.Build.0 = Release|Any CPU
	EndGlobalSection
	GlobalSection(SolutionProperties) = preSolution
		HideSolutionNode = FALSE
	EndGlobalSection
	GlobalSection(NestedProjects) = preSolution
		{1B662EDA-AE9B-4E08-B2CF-79BDC04EEB15} = {02EA681E-C7D8-13C7-8484-4AC65E1B71E8}
		{7BA89227-4106-4297-8ECA-735E2D6B925E} = {1848CB1D-E227-4C55-BA5F-2994E4D50675}
		{59AECF87-1D09-4CCA-906C-CB69EA6F93E9} = {5650B4A1-2522-44B8-98C3-6066837DBE95}
	EndGlobalSection
	GlobalSection(ExtensibilityGlobals) = postSolution
		SolutionGuid = {4F5F94ED-0E17-47BF-BB6B-C530B231738B}
	EndGlobalSection
EndGlobal
